
Microsoft Visual Studio Solution File, Format Version 12.00
# Visual Studio Version 17
VisualStudioVersion = 17.1.32210.238
MinimumVisualStudioVersion = 10.0.40219.1
Project("{2150E333-8FDC-42A3-9474-1A3956D46DE8}") = "Solution Items", "Solution Items", "{F4E7BD81-CED8-4652-82F8-5008C8B218D6}"
	ProjectSection(SolutionItems) = preProject
		src\docker-compose.override.yml = src\docker-compose.override.yml
		src\docker-compose.yml = src\docker-compose.yml
		global.json = global.json
		README.md = README.md
	EndProjectSection
EndProject
Project("{2150E333-8FDC-42A3-9474-1A3956D46DE8}") = "src", "src", "{BA857EDD-1E43-46A6-8660-9F28CA3F4BD5}"
EndProject
Project("{2150E333-8FDC-42A3-9474-1A3956D46DE8}") = "tests", "tests", "{6DD0FE05-4C37-4A64-9D72-4C3E160A8436}"
EndProject
Project("{2150E333-8FDC-42A3-9474-1A3956D46DE8}") = "ApiGateways", "ApiGateways", "{9070376B-60DE-4F6C-841D-EAD0BD3FE4DA}"
EndProject
Project("{2150E333-8FDC-42A3-9474-1A3956D46DE8}") = "BuildingBlocks", "BuildingBlocks", "{4F274036-9322-4D3C-B1FD-67E5EF8E78E8}"
EndProject
Project("{2150E333-8FDC-42A3-9474-1A3956D46DE8}") = "Services", "Services", "{7D0DBCBA-4A92-45D6-A2CE-40AEEE63FCB5}"
EndProject
Project("{2150E333-8FDC-42A3-9474-1A3956D46DE8}") = "WebApps", "WebApps", "{60D3542C-A271-41E3-B8D0-3BF114A508D4}"
EndProject
Project("{9A19103F-16F7-4668-BE54-9A1E7A4F7556}") = "Common.Logging", "src\BuildingBlocks\Common.Logging\Common.Logging.csproj", "{B40ECEE5-DF15-44D2-B50F-723895B1ACC7}"
EndProject
Project("{9A19103F-16F7-4668-BE54-9A1E7A4F7556}") = "EvenBus.Messages", "src\BuildingBlocks\EvenBus.Messages\EvenBus.Messages.csproj", "{C3D1FD14-E8AD-4786-8D57-10FC4C3230B9}"
EndProject
Project("{2150E333-8FDC-42A3-9474-1A3956D46DE8}") = "Product", "Product", "{1C18E3C1-3A3B-4D28-B0DB-1354AFC62B94}"
EndProject
Project("{2150E333-8FDC-42A3-9474-1A3956D46DE8}") = "Customer", "Customer", "{DCD8017F-05C2-4E67-82E0-7CCD2663ABDC}"
EndProject
Project("{2150E333-8FDC-42A3-9474-1A3956D46DE8}") = "Basket", "Basket", "{2A63EDA6-EEEF-4E7A-80D4-42B3480B9CDA}"
EndProject
Project("{2150E333-8FDC-42A3-9474-1A3956D46DE8}") = "Ordering", "Ordering", "{78FC3DCF-9130-45F0-92E1-20FBA6457776}"
EndProject
Project("{2150E333-8FDC-42A3-9474-1A3956D46DE8}") = "Inventory", "Inventory", "{60A60407-DF6E-452C-99D0-AB7D277C9D60}"
EndProject
Project("{2150E333-8FDC-42A3-9474-1A3956D46DE8}") = "ScheduledJob", "ScheduledJob", "{3F00E9DB-86AC-46A2-A1F1-3CA497A983D9}"
EndProject
Project("{9A19103F-16F7-4668-BE54-9A1E7A4F7556}") = "WebHealthStatus", "src\WebApps\WebHealthStatus\WebHealthStatus.csproj", "{A74EF972-F4E8-4111-A6F5-BBC2307214E8}"
EndProject
Project("{9A19103F-16F7-4668-BE54-9A1E7A4F7556}") = "Basket.API", "src\Services\Basket.API\Basket.API\Basket.API.csproj", "{40075C2B-D45D-4E5D-BB8B-E75882B3BF86}"
EndProject
Project("{9A19103F-16F7-4668-BE54-9A1E7A4F7556}") = "Customer.API", "src\Services\Customer.API\Customer.API.csproj", "{C3B950F4-5E5D-4860-AD73-DA4C2058C72F}"
EndProject
Project("{9A19103F-16F7-4668-BE54-9A1E7A4F7556}") = "Ordering.API", "src\Services\Ordering.API\Ordering.API.csproj", "{63A4CEDD-8E19-4A70-B6C1-E8D69491A727}"
EndProject
Project("{9A19103F-16F7-4668-BE54-9A1E7A4F7556}") = "Product.API", "src\Services\Product.API\Product.API.csproj", "{CDA423F4-96F3-4F4F-B87A-C25E71CFAD7D}"
EndProject
Project("{9A19103F-16F7-4668-BE54-9A1E7A4F7556}") = "Inventory.Product.API", "src\Services\Inventory.Product.API\Inventory.Product.API.csproj", "{D384A952-1E9A-42F2-863A-DCF1D7745275}"
EndProject
Project("{9A19103F-16F7-4668-BE54-9A1E7A4F7556}") = "Hangfire.API", "src\Services\Hangfire.API\Hangfire.API.csproj", "{5A7E5195-BBB4-4AA0-AD8D-0FEB20A1C37B}"
EndProject
Project("{9A19103F-16F7-4668-BE54-9A1E7A4F7556}") = "Contracts", "src\BuildingBlocks\Contracts\Contracts.csproj", "{63FD5C9A-3F23-47BF-818C-AC42BF98896A}"
EndProject
Project("{9A19103F-16F7-4668-BE54-9A1E7A4F7556}") = "Infrastructures", "src\BuildingBlocks\Infrastructures\Infrastructures.csproj", "{67504664-52D2-4CC8-B617-E1990CD255B2}"
EndProject
Project("{9A19103F-16F7-4668-BE54-9A1E7A4F7556}") = "Shared", "src\BuildingBlocks\Shared\Shared.csproj", "{1C5C73EF-50A4-4062-B45E-7E564D733882}"
EndProject
Project("{9A19103F-16F7-4668-BE54-9A1E7A4F7556}") = "OcelotApiGw", "src\ApiGateways\OcelotApiGw\OcelotApiGw.csproj", "{E241F6F6-07D8-4F2C-87BA-FA408A43DDA7}"
EndProject
Global
	GlobalSection(SolutionConfigurationPlatforms) = preSolution
		Debug|Any CPU = Debug|Any CPU
		Release|Any CPU = Release|Any CPU
	EndGlobalSection
	GlobalSection(ProjectConfigurationPlatforms) = postSolution
		{B40ECEE5-DF15-44D2-B50F-723895B1ACC7}.Debug|Any CPU.ActiveCfg = Debug|Any CPU
		{B40ECEE5-DF15-44D2-B50F-723895B1ACC7}.Debug|Any CPU.Build.0 = Debug|Any CPU
		{B40ECEE5-DF15-44D2-B50F-723895B1ACC7}.Release|Any CPU.ActiveCfg = Release|Any CPU
		{B40ECEE5-DF15-44D2-B50F-723895B1ACC7}.Release|Any CPU.Build.0 = Release|Any CPU
		{C3D1FD14-E8AD-4786-8D57-10FC4C3230B9}.Debug|Any CPU.ActiveCfg = Debug|Any CPU
		{C3D1FD14-E8AD-4786-8D57-10FC4C3230B9}.Debug|Any CPU.Build.0 = Debug|Any CPU
		{C3D1FD14-E8AD-4786-8D57-10FC4C3230B9}.Release|Any CPU.ActiveCfg = Release|Any CPU
		{C3D1FD14-E8AD-4786-8D57-10FC4C3230B9}.Release|Any CPU.Build.0 = Release|Any CPU
		{A74EF972-F4E8-4111-A6F5-BBC2307214E8}.Debug|Any CPU.ActiveCfg = Debug|Any CPU
		{A74EF972-F4E8-4111-A6F5-BBC2307214E8}.Debug|Any CPU.Build.0 = Debug|Any CPU
		{A74EF972-F4E8-4111-A6F5-BBC2307214E8}.Release|Any CPU.ActiveCfg = Release|Any CPU
		{A74EF972-F4E8-4111-A6F5-BBC2307214E8}.Release|Any CPU.Build.0 = Release|Any CPU
		{40075C2B-D45D-4E5D-BB8B-E75882B3BF86}.Debug|Any CPU.ActiveCfg = Debug|Any CPU
		{40075C2B-D45D-4E5D-BB8B-E75882B3BF86}.Debug|Any CPU.Build.0 = Debug|Any CPU
		{40075C2B-D45D-4E5D-BB8B-E75882B3BF86}.Release|Any CPU.ActiveCfg = Release|Any CPU
		{40075C2B-D45D-4E5D-BB8B-E75882B3BF86}.Release|Any CPU.Build.0 = Release|Any CPU
		{C3B950F4-5E5D-4860-AD73-DA4C2058C72F}.Debug|Any CPU.ActiveCfg = Debug|Any CPU
		{C3B950F4-5E5D-4860-AD73-DA4C2058C72F}.Debug|Any CPU.Build.0 = Debug|Any CPU
		{C3B950F4-5E5D-4860-AD73-DA4C2058C72F}.Release|Any CPU.ActiveCfg = Release|Any CPU
		{C3B950F4-5E5D-4860-AD73-DA4C2058C72F}.Release|Any CPU.Build.0 = Release|Any CPU
		{63A4CEDD-8E19-4A70-B6C1-E8D69491A727}.Debug|Any CPU.ActiveCfg = Debug|Any CPU
		{63A4CEDD-8E19-4A70-B6C1-E8D69491A727}.Debug|Any CPU.Build.0 = Debug|Any CPU
		{63A4CEDD-8E19-4A70-B6C1-E8D69491A727}.Release|Any CPU.ActiveCfg = Release|Any CPU
		{63A4CEDD-8E19-4A70-B6C1-E8D69491A727}.Release|Any CPU.Build.0 = Release|Any CPU
		{CDA423F4-96F3-4F4F-B87A-C25E71CFAD7D}.Debug|Any CPU.ActiveCfg = Debug|Any CPU
		{CDA423F4-96F3-4F4F-B87A-C25E71CFAD7D}.Debug|Any CPU.Build.0 = Debug|Any CPU
		{CDA423F4-96F3-4F4F-B87A-C25E71CFAD7D}.Release|Any CPU.ActiveCfg = Release|Any CPU
		{CDA423F4-96F3-4F4F-B87A-C25E71CFAD7D}.Release|Any CPU.Build.0 = Release|Any CPU
		{D384A952-1E9A-42F2-863A-DCF1D7745275}.Debug|Any CPU.ActiveCfg = Debug|Any CPU
		{D384A952-1E9A-42F2-863A-DCF1D7745275}.Debug|Any CPU.Build.0 = Debug|Any CPU
		{D384A952-1E9A-42F2-863A-DCF1D7745275}.Release|Any CPU.ActiveCfg = Release|Any CPU
		{D384A952-1E9A-42F2-863A-DCF1D7745275}.Release|Any CPU.Build.0 = Release|Any CPU
		{5A7E5195-BBB4-4AA0-AD8D-0FEB20A1C37B}.Debug|Any CPU.ActiveCfg = Debug|Any CPU
		{5A7E5195-BBB4-4AA0-AD8D-0FEB20A1C37B}.Debug|Any CPU.Build.0 = Debug|Any CPU
		{5A7E5195-BBB4-4AA0-AD8D-0FEB20A1C37B}.Release|Any CPU.ActiveCfg = Release|Any CPU
		{5A7E5195-BBB4-4AA0-AD8D-0FEB20A1C37B}.Release|Any CPU.Build.0 = Release|Any CPU
		{63FD5C9A-3F23-47BF-818C-AC42BF98896A}.Debug|Any CPU.ActiveCfg = Debug|Any CPU
		{63FD5C9A-3F23-47BF-818C-AC42BF98896A}.Debug|Any CPU.Build.0 = Debug|Any CPU
		{63FD5C9A-3F23-47BF-818C-AC42BF98896A}.Release|Any CPU.ActiveCfg = Release|Any CPU
		{63FD5C9A-3F23-47BF-818C-AC42BF98896A}.Release|Any CPU.Build.0 = Release|Any CPU
		{67504664-52D2-4CC8-B617-E1990CD255B2}.Debug|Any CPU.ActiveCfg = Debug|Any CPU
		{67504664-52D2-4CC8-B617-E1990CD255B2}.Debug|Any CPU.Build.0 = Debug|Any CPU
		{67504664-52D2-4CC8-B617-E1990CD255B2}.Release|Any CPU.ActiveCfg = Release|Any CPU
		{67504664-52D2-4CC8-B617-E1990CD255B2}.Release|Any CPU.Build.0 = Release|Any CPU
		{1C5C73EF-50A4-4062-B45E-7E564D733882}.Debug|Any CPU.ActiveCfg = Debug|Any CPU
		{1C5C73EF-50A4-4062-B45E-7E564D733882}.Debug|Any CPU.Build.0 = Debug|Any CPU
		{1C5C73EF-50A4-4062-B45E-7E564D733882}.Release|Any CPU.ActiveCfg = Release|Any CPU
		{1C5C73EF-50A4-4062-B45E-7E564D733882}.Release|Any CPU.Build.0 = Release|Any CPU
		{E241F6F6-07D8-4F2C-87BA-FA408A43DDA7}.Debug|Any CPU.ActiveCfg = Debug|Any CPU
		{E241F6F6-07D8-4F2C-87BA-FA408A43DDA7}.Debug|Any CPU.Build.0 = Debug|Any CPU
		{E241F6F6-07D8-4F2C-87BA-FA408A43DDA7}.Release|Any CPU.ActiveCfg = Release|Any CPU
		{E241F6F6-07D8-4F2C-87BA-FA408A43DDA7}.Release|Any CPU.Build.0 = Release|Any CPU
	EndGlobalSection
	GlobalSection(SolutionProperties) = preSolution
		HideSolutionNode = FALSE
	EndGlobalSection
	GlobalSection(NestedProjects) = preSolution
		{9070376B-60DE-4F6C-841D-EAD0BD3FE4DA} = {BA857EDD-1E43-46A6-8660-9F28CA3F4BD5}
		{4F274036-9322-4D3C-B1FD-67E5EF8E78E8} = {BA857EDD-1E43-46A6-8660-9F28CA3F4BD5}
		{7D0DBCBA-4A92-45D6-A2CE-40AEEE63FCB5} = {BA857EDD-1E43-46A6-8660-9F28CA3F4BD5}
		{60D3542C-A271-41E3-B8D0-3BF114A508D4} = {BA857EDD-1E43-46A6-8660-9F28CA3F4BD5}
		{B40ECEE5-DF15-44D2-B50F-723895B1ACC7} = {4F274036-9322-4D3C-B1FD-67E5EF8E78E8}
		{C3D1FD14-E8AD-4786-8D57-10FC4C3230B9} = {4F274036-9322-4D3C-B1FD-67E5EF8E78E8}
		{1C18E3C1-3A3B-4D28-B0DB-1354AFC62B94} = {7D0DBCBA-4A92-45D6-A2CE-40AEEE63FCB5}
		{DCD8017F-05C2-4E67-82E0-7CCD2663ABDC} = {7D0DBCBA-4A92-45D6-A2CE-40AEEE63FCB5}
		{2A63EDA6-EEEF-4E7A-80D4-42B3480B9CDA} = {7D0DBCBA-4A92-45D6-A2CE-40AEEE63FCB5}
		{78FC3DCF-9130-45F0-92E1-20FBA6457776} = {7D0DBCBA-4A92-45D6-A2CE-40AEEE63FCB5}
		{60A60407-DF6E-452C-99D0-AB7D277C9D60} = {7D0DBCBA-4A92-45D6-A2CE-40AEEE63FCB5}
		{3F00E9DB-86AC-46A2-A1F1-3CA497A983D9} = {7D0DBCBA-4A92-45D6-A2CE-40AEEE63FCB5}
		{A74EF972-F4E8-4111-A6F5-BBC2307214E8} = {60D3542C-A271-41E3-B8D0-3BF114A508D4}
		{40075C2B-D45D-4E5D-BB8B-E75882B3BF86} = {2A63EDA6-EEEF-4E7A-80D4-42B3480B9CDA}
		{C3B950F4-5E5D-4860-AD73-DA4C2058C72F} = {DCD8017F-05C2-4E67-82E0-7CCD2663ABDC}
		{63A4CEDD-8E19-4A70-B6C1-E8D69491A727} = {78FC3DCF-9130-45F0-92E1-20FBA6457776}
		{CDA423F4-96F3-4F4F-B87A-C25E71CFAD7D} = {1C18E3C1-3A3B-4D28-B0DB-1354AFC62B94}
		{D384A952-1E9A-42F2-863A-DCF1D7745275} = {60A60407-DF6E-452C-99D0-AB7D277C9D60}
		{5A7E5195-BBB4-4AA0-AD8D-0FEB20A1C37B} = {3F00E9DB-86AC-46A2-A1F1-3CA497A983D9}
		{63FD5C9A-3F23-47BF-818C-AC42BF98896A} = {4F274036-9322-4D3C-B1FD-67E5EF8E78E8}
		{67504664-52D2-4CC8-B617-E1990CD255B2} = {4F274036-9322-4D3C-B1FD-67E5EF8E78E8}
		{1C5C73EF-50A4-4062-B45E-7E564D733882} = {4F274036-9322-4D3C-B1FD-67E5EF8E78E8}
		{E241F6F6-07D8-4F2C-87BA-FA408A43DDA7} = {9070376B-60DE-4F6C-841D-EAD0BD3FE4DA}
	EndGlobalSection
	GlobalSection(ExtensibilityGlobals) = postSolution
		SolutionGuid = {B188EF1E-7D45-443E-83CD-417550FEA643}
	EndGlobalSection
EndGlobal
